google.golang.org/genproto v0.0.0-20240924160255-9d4c2d233b61 h1:KipVMxePgXPFBzXOvpKbny3RVdVmJOD64R/Ob7GPWEs=
google.golang.org/genproto v0.0.0-20240924160255-9d4c2d233b61/go.mod h1:HiAZQz/G7n0EywFjmncAwsfnmFm2bjm7qPjwl8hyzjM=
google.golang.org/protobuf v1.34.2 h1:6xV6lTsCfpGD21XK49h7MhtcApnLqkfYgPcdHftf6hg=
google.golang.org/protobuf v1.34.2/go.mod h1:qYOHts0dSfpeUzUFpOMr/WGzszTmLH+DiWniOlNbLDw=
